
Microsoft Visual Studio Solution File, Format Version 12.00
# Visual Studio Version 16
VisualStudioVersion = 16.0.30011.22
MinimumVisualStudioVersion = 10.0.40219.1
Project("{9A19103F-16F7-4668-BE54-9A1E7A4F7556}") = "Common", "Common\Common.csproj", "{394125E4-E664-48C2-B683-0298977F7F12}"
EndProject
Project("{2150E333-8FDC-42A3-9474-1A3956D46DE8}") = "Readme", "Readme", "{94B5FFA5-4964-4DFA-8FAB-BE83D11DF09C}"
	ProjectSection(SolutionItems) = preProject
		D:\david.restrepo\Documents\PruebaDesarrolladorPrimeStone.pdf = D:\david.restrepo\Documents\PruebaDesarrolladorPrimeStone.pdf
		Seed.txt = Seed.txt
	EndProjectSection
EndProject
Project("{FAE04EC0-301F-11D3-BF4B-00C04F79EFBC}") = "Infrastructure", "Infrastructure\Infrastructure.csproj", "{58E9BBEF-F276-4DBC-B7E3-01DFFFF3F804}"
EndProject
Project("{FAE04EC0-301F-11D3-BF4B-00C04F79EFBC}") = "API", "API\API.csproj", "{A736C29B-5E18-4C2A-B045-6FF9C07FEFCE}"
EndProject
Global
	GlobalSection(SolutionConfigurationPlatforms) = preSolution
		Debug|Any CPU = Debug|Any CPU
		Release|Any CPU = Release|Any CPU
	EndGlobalSection
	GlobalSection(ProjectConfigurationPlatforms) = postSolution
		{394125E4-E664-48C2-B683-0298977F7F12}.Debug|Any CPU.ActiveCfg = Debug|Any CPU
		{394125E4-E664-48C2-B683-0298977F7F12}.Debug|Any CPU.Build.0 = Debug|Any CPU
		{394125E4-E664-48C2-B683-0298977F7F12}.Release|Any CPU.ActiveCfg = Release|Any CPU
		{394125E4-E664-48C2-B683-0298977F7F12}.Release|Any CPU.Build.0 = Release|Any CPU
		{58E9BBEF-F276-4DBC-B7E3-01DFFFF3F804}.Debug|Any CPU.ActiveCfg = Debug|Any CPU
		{58E9BBEF-F276-4DBC-B7E3-01DFFFF3F804}.Debug|Any CPU.Build.0 = Debug|Any CPU
		{58E9BBEF-F276-4DBC-B7E3-01DFFFF3F804}.Release|Any CPU.ActiveCfg = Release|Any CPU
		{58E9BBEF-F276-4DBC-B7E3-01DFFFF3F804}.Release|Any CPU.Build.0 = Release|Any CPU
		{A736C29B-5E18-4C2A-B045-6FF9C07FEFCE}.Debug|Any CPU.ActiveCfg = Debug|Any CPU
		{A736C29B-5E18-4C2A-B045-6FF9C07FEFCE}.Debug|Any CPU.Build.0 = Debug|Any CPU
		{A736C29B-5E18-4C2A-B045-6FF9C07FEFCE}.Release|Any CPU.ActiveCfg = Release|Any CPU
		{A736C29B-5E18-4C2A-B045-6FF9C07FEFCE}.Release|Any CPU.Build.0 = Release|Any CPU
	EndGlobalSection
	GlobalSection(SolutionProperties) = preSolution
		HideSolutionNode = FALSE
	EndGlobalSection
	GlobalSection(ExtensibilityGlobals) = postSolution
		SolutionGuid = {C752DDE2-A22C-4930-9752-326F967C17F3}
	EndGlobalSection
EndGlobal
